# THIS IS AN AUTOGENERATED FILE. DO NOT EDIT THIS FILE DIRECTLY.
# yarn lockfile v1


"@breeze2/dsu-manager-web@^0.6.2":
  version "0.6.2"
  resolved "https://npm.pkg.github.com/download/@breeze2/dsu-manager-web/0.6.2/afc3b37f5f35625b8e5677645c1d30dc3da0e8fa#afc3b37f5f35625b8e5677645c1d30dc3da0e8fa"
  integrity sha512-9vkkqY7JbahOZFyzXLd7bvvlA0AeTAekwooP8ouBGWceEA/3MiauQe3jZOfY5oo1U+dtkKzBkvVKYJ1b4u/4Gg==
