# THIS IS AN AUTOGENERATED FILE. DO NOT EDIT THIS FILE DIRECTLY.
# yarn lockfile v1


"@breeze2/dsu-manager-web@^0.6.0":
  version "0.6.0"
  resolved "https://npm.pkg.github.com/download/@breeze2/dsu-manager-web/0.6.0/969585564b22bbc60b8f2864efd4a6fdaaca65f5#969585564b22bbc60b8f2864efd4a6fdaaca65f5"
  integrity sha512-9naf4Ytbn11wO8+BZwcuUcIVukZgNVdXKukK4S7eyjMDXnIrRtdtQXDQDJrjWKD56iF9oV5wB9jx0ULr24xCYg==
