# THIS IS AN AUTOGENERATED FILE. DO NOT EDIT THIS FILE DIRECTLY.
# yarn lockfile v1


"@breeze2/dsu-manager-web@^0.6.1":
  version "0.6.1"
  resolved "https://npm.pkg.github.com/download/@breeze2/dsu-manager-web/0.6.1/48af73d1713cd5b0bf1a91795b2f81dfa75f115f#48af73d1713cd5b0bf1a91795b2f81dfa75f115f"
  integrity sha512-zXn4biiFJdV+gm5V/v6WZwN3fbbzwYoK7r38hW80D8ya82ynY0W01L1lVLtEhuwsOiOivqZVGA3iCfO/bEMdZg==
